github.com/vyberd/input v0.0.0-20230508130050-12032e5fe295 h1:yS86OeqVaZphTdXB5gLEjXBFXefu7DM8QHFYUjil6/A=
github.com/vyberd/input v0.0.0-20230508130050-12032e5fe295/go.mod h1:8B2c82nA85VVB4hm5t5eSThKVDSnDtMy0fy+fkmdk3M=
github.com/vyberd/stylesheet v0.0.0-20230508130157-e93394cab397 h1:uUQKe8f5aRRuYMI32jpOvBQ70Dro4mL5mjxN6dNb8Pc=
github.com/vyberd/stylesheet v0.0.0-20230508130157-e93394cab397/go.mod h1:jrD+CjwvTp7At11ZXIyv0fWTaVy9V/RLLwUui5n0KEI=
